
Microsoft Visual Studio Solution File, Format Version 12.00
# Visual Studio Version 17
VisualStudioVersion = 17.1.32407.343
MinimumVisualStudioVersion = 10.0.40219.1
Project("{FAE04EC0-301F-11D3-BF4B-00C04F79EFBC}") = "GenericApi", "GenericApi\GenericApi.csproj", "{12BE535C-D42D-4E5F-ACBA-4AF1BE7C1EC3}"
EndProject
Global
	GlobalSection(SolutionConfigurationPlatforms) = preSolution
		Debug|Any CPU = Debug|Any CPU
		Release|Any CPU = Release|Any CPU
	EndGlobalSection
	GlobalSection(ProjectConfigurationPlatforms) = postSolution
		{12BE535C-D42D-4E5F-ACBA-4AF1BE7C1EC3}.Debug|Any CPU.ActiveCfg = Debug|Any CPU
		{12BE535C-D42D-4E5F-ACBA-4AF1BE7C1EC3}.Debug|Any CPU.Build.0 = Debug|Any CPU
		{12BE535C-D42D-4E5F-ACBA-4AF1BE7C1EC3}.Release|Any CPU.ActiveCfg = Release|Any CPU
		{12BE535C-D42D-4E5F-ACBA-4AF1BE7C1EC3}.Release|Any CPU.Build.0 = Release|Any CPU
	EndGlobalSection
	GlobalSection(SolutionProperties) = preSolution
		HideSolutionNode = FALSE
	EndGlobalSection
	GlobalSection(ExtensibilityGlobals) = postSolution
		SolutionGuid = {E0E3CCE0-4C59-4EF5-B7CA-01D1D727B1FA}
	EndGlobalSection
EndGlobal
